
Microsoft Visual Studio Solution File, Format Version 12.00
# Visual Studio Version 17
VisualStudioVersion = 17.13.35825.156
MinimumVisualStudioVersion = 10.0.40219.1
Project("{FAE04EC0-301F-11D3-BF4B-00C04F79EFBC}") = "Core.Abstractions", "Core.Abstractions\Core.Abstractions.csproj", "{954181FE-A38E-4B87-9EBE-C905D822CDC9}"
EndProject
Project("{FAE04EC0-301F-11D3-BF4B-00C04F79EFBC}") = "Plugins.WallFinisher", "Plugins.WallFinisher\Plugins.WallFinisher.csproj", "{A4C081A8-D3C8-437B-AE94-A6EC348E0205}"
EndProject
Project("{FAE04EC0-301F-11D3-BF4B-00C04F79EFBC}") = "Host.Loader", "Host.Loader\Host.Loader.csproj", "{6A3FFFA6-DABF-4976-B477-76C1019B767A}"
EndProject
Project("{2150E333-8FDC-42A3-9474-1A3956D46DE8}") = "Элементы решения", "Элементы решения", "{754FC069-D67B-A9D7-50A1-8D1CA196D8F1}"
	ProjectSection(SolutionItems) = preProject
		AtpTlpTest.Host.addin = AtpTlpTest.Host.addin
	EndProjectSection
EndProject
Project("{FAE04EC0-301F-11D3-BF4B-00C04F79EFBC}") = "TaskDialogWindow", "TaskDialogWindow\TaskDialogWindow.csproj", "{349F2ECF-2BA9-436D-A545-FA25A761C4FC}"
EndProject
Project("{FAE04EC0-301F-11D3-BF4B-00C04F79EFBC}") = "Host.Builder", "Host.Builder\Host.Builder.csproj", "{E528B59D-13AD-460C-8DB1-132384462FFF}"
EndProject
Global
	GlobalSection(SolutionConfigurationPlatforms) = preSolution
		Debug|Any CPU = Debug|Any CPU
		Release|Any CPU = Release|Any CPU
	EndGlobalSection
	GlobalSection(ProjectConfigurationPlatforms) = postSolution
		{954181FE-A38E-4B87-9EBE-C905D822CDC9}.Debug|Any CPU.ActiveCfg = Debug|Any CPU
		{954181FE-A38E-4B87-9EBE-C905D822CDC9}.Debug|Any CPU.Build.0 = Debug|Any CPU
		{954181FE-A38E-4B87-9EBE-C905D822CDC9}.Release|Any CPU.ActiveCfg = Release|Any CPU
		{954181FE-A38E-4B87-9EBE-C905D822CDC9}.Release|Any CPU.Build.0 = Release|Any CPU
		{A4C081A8-D3C8-437B-AE94-A6EC348E0205}.Debug|Any CPU.ActiveCfg = Debug|Any CPU
		{A4C081A8-D3C8-437B-AE94-A6EC348E0205}.Debug|Any CPU.Build.0 = Debug|Any CPU
		{A4C081A8-D3C8-437B-AE94-A6EC348E0205}.Release|Any CPU.ActiveCfg = Release|Any CPU
		{A4C081A8-D3C8-437B-AE94-A6EC348E0205}.Release|Any CPU.Build.0 = Release|Any CPU
		{6A3FFFA6-DABF-4976-B477-76C1019B767A}.Debug|Any CPU.ActiveCfg = Debug|Any CPU
		{6A3FFFA6-DABF-4976-B477-76C1019B767A}.Debug|Any CPU.Build.0 = Debug|Any CPU
		{6A3FFFA6-DABF-4976-B477-76C1019B767A}.Release|Any CPU.ActiveCfg = Release|Any CPU
		{6A3FFFA6-DABF-4976-B477-76C1019B767A}.Release|Any CPU.Build.0 = Release|Any CPU
		{349F2ECF-2BA9-436D-A545-FA25A761C4FC}.Debug|Any CPU.ActiveCfg = Debug|Any CPU
		{349F2ECF-2BA9-436D-A545-FA25A761C4FC}.Debug|Any CPU.Build.0 = Debug|Any CPU
		{349F2ECF-2BA9-436D-A545-FA25A761C4FC}.Release|Any CPU.ActiveCfg = Release|Any CPU
		{349F2ECF-2BA9-436D-A545-FA25A761C4FC}.Release|Any CPU.Build.0 = Release|Any CPU
		{E528B59D-13AD-460C-8DB1-132384462FFF}.Debug|Any CPU.ActiveCfg = Debug|Any CPU
		{E528B59D-13AD-460C-8DB1-132384462FFF}.Debug|Any CPU.Build.0 = Debug|Any CPU
		{E528B59D-13AD-460C-8DB1-132384462FFF}.Release|Any CPU.ActiveCfg = Release|Any CPU
		{E528B59D-13AD-460C-8DB1-132384462FFF}.Release|Any CPU.Build.0 = Release|Any CPU
	EndGlobalSection
	GlobalSection(SolutionProperties) = preSolution
		HideSolutionNode = FALSE
	EndGlobalSection
	GlobalSection(ExtensibilityGlobals) = postSolution
		SolutionGuid = {8BE37DF8-A8B8-4260-A677-4E8F802E312A}
	EndGlobalSection
EndGlobal
